
Microsoft Visual Studio Solution File, Format Version 12.00
Project("{FAE04EC0-301F-11D3-BF4B-00C04F79EFBC}") = "LoxSharp", "LoxSharp\LoxSharp.csproj", "{0DD42FFB-B2E4-4C41-9947-A0A41116D743}"
EndProject
Project("{FAE04EC0-301F-11D3-BF4B-00C04F79EFBC}") = "Core", "Core\Core.csproj", "{517C0761-E41F-4323-8E2B-9C7143E383EC}"
EndProject
Global
	GlobalSection(SolutionConfigurationPlatforms) = preSolution
		Debug|Any CPU = Debug|Any CPU
		Release|Any CPU = Release|Any CPU
	EndGlobalSection
	GlobalSection(ProjectConfigurationPlatforms) = postSolution
		{0DD42FFB-B2E4-4C41-9947-A0A41116D743}.Debug|Any CPU.ActiveCfg = Debug|Any CPU
		{0DD42FFB-B2E4-4C41-9947-A0A41116D743}.Debug|Any CPU.Build.0 = Debug|Any CPU
		{0DD42FFB-B2E4-4C41-9947-A0A41116D743}.Release|Any CPU.ActiveCfg = Release|Any CPU
		{0DD42FFB-B2E4-4C41-9947-A0A41116D743}.Release|Any CPU.Build.0 = Release|Any CPU
		{517C0761-E41F-4323-8E2B-9C7143E383EC}.Debug|Any CPU.ActiveCfg = Debug|Any CPU
		{517C0761-E41F-4323-8E2B-9C7143E383EC}.Debug|Any CPU.Build.0 = Debug|Any CPU
		{517C0761-E41F-4323-8E2B-9C7143E383EC}.Release|Any CPU.ActiveCfg = Release|Any CPU
		{517C0761-E41F-4323-8E2B-9C7143E383EC}.Release|Any CPU.Build.0 = Release|Any CPU
	EndGlobalSection
EndGlobal
